# Reproducible pin of the agent-service runtime environment (generated from the tested venv).
# Install: python -m venv .venv && .venv/bin/pip install -r requirements.lock && .venv/bin/pip install -e .
# Regenerate after a deliberate dependency change: .venv/bin/pip freeze --exclude-editable > requirements.lock
aiohappyeyeballs==2.6.2
aiohttp==3.14.1
aiosignal==1.4.0
annotated-types==0.7.0
anyio==4.13.0
asyncpg==0.30.0
attrs==26.1.0
babel==2.18.0
backoff==2.2.1
certifi==2026.5.20
cffi==2.0.0
charset-normalizer==3.4.7
click==8.4.1
courlan==1.4.0
cryptography==44.0.1
dateparser==1.4.0
distro==1.9.0
fastapi==0.115.6
feedparser==6.0.11
frozenlist==1.8.0
greenlet==3.5.1
h11==0.16.0
htmldate==1.10.0
httpcore==1.0.9
httptools==0.8.0
httpx==0.28.1
idna==3.18
iniconfig==2.3.0
jiter==0.15.0
jsonpatch==1.33
jsonpointer==3.1.1
jusText==3.0.2
langchain==0.3.13
langchain-core==0.3.63
langchain-openai==0.2.14
langchain-text-splitters==0.3.8
langfuse==2.60.10
langgraph==0.2.62
langgraph-checkpoint==2.1.2
langgraph-sdk==0.1.74
langsmith==0.2.11
lxml==6.1.1
lxml_html_clean==0.4.5
multidict==6.7.1
numpy==2.4.6
openai==1.109.1
orjson==3.11.9
ormsgpack==1.12.2
packaging==24.2
pillow==12.2.0
pluggy==1.6.0
propcache==0.5.2
pycparser==3.0
pydantic==2.10.4
pydantic-settings==2.7.1
pydantic_core==2.27.2
PyJWT==2.10.1
pypdf==5.1.0
pytest==8.3.4
pytest-asyncio==0.25.0
python-dateutil==2.9.0.post0
python-dotenv==1.2.2
python-multipart==0.0.20
pytz==2026.2
PyYAML==6.0.3
redis==5.2.1
regex==2026.5.9
requests==2.34.2
requests-toolbelt==1.0.0
sgmllib3k==1.0.0
six==1.17.0
sniffio==1.3.1
SQLAlchemy==2.0.50
starlette==0.41.3
tenacity==9.1.4
tiktoken==0.13.0
tld==0.13.2
tqdm==4.67.3
trafilatura==2.0.0
typing_extensions==4.15.0
tzlocal==5.3.1
urllib3==2.7.0
uvicorn==0.34.0
uvloop==0.22.1
watchfiles==1.2.0
websockets==16.0
wrapt==1.17.3
yarl==1.24.2
